
Microsoft Visual Studio Solution File, Format Version 12.00
# Visual Studio Version 16
VisualStudioVersion = 16.0.30503.244
MinimumVisualStudioVersion = 10.0.40219.1
Project("{FAE04EC0-301F-11D3-BF4B-00C04F79EFBC}") = "ConsoleApplication", "ConsoleApplication\ConsoleApplication.csproj", "{A5838731-2863-415E-BD8B-4531FD11AE36}"
EndProject
Global
	GlobalSection(SolutionConfigurationPlatforms) = preSolution
		Debug|Any CPU = Debug|Any CPU
		Release|Any CPU = Release|Any CPU
	EndGlobalSection
	GlobalSection(ProjectConfigurationPlatforms) = postSolution
		{A5838731-2863-415E-BD8B-4531FD11AE36}.Debug|Any CPU.ActiveCfg = Debug|Any CPU
		{A5838731-2863-415E-BD8B-4531FD11AE36}.Debug|Any CPU.Build.0 = Debug|Any CPU
		{A5838731-2863-415E-BD8B-4531FD11AE36}.Release|Any CPU.ActiveCfg = Release|Any CPU
		{A5838731-2863-415E-BD8B-4531FD11AE36}.Release|Any CPU.Build.0 = Release|Any CPU
	EndGlobalSection
	GlobalSection(SolutionProperties) = preSolution
		HideSolutionNode = FALSE
	EndGlobalSection
	GlobalSection(ExtensibilityGlobals) = postSolution
		SolutionGuid = {158D41F2-F7BD-430B-88D3-0FD6410EF765}
	EndGlobalSection
EndGlobal
